{
    "_meta": {
        "hash": {
            "sha256": "3ee16ed009979be2dcb4ea249593eb2f567825b256f02b320430b65aa4c14e35"
        },
        "pipfile-spec": 6,
        "requires": {
            "python_version": "3.8"
        },
        "sources": [
            {
                "name": "pypi",
                "url": "https://pypi.org/simple",
                "verify_ssl": true
            }
        ]
    },
    "default": {
        "tqdm": {
            "hashes": [
                "sha256:44b896c38f70f91826a3f83a3195b23c0460322bfc729566ec8e4e89bb5ad713",
                "sha256:7b7dd59cd9f03b89365ba67eb8515f5d2803fd1eb707abdbb914691a3123d9df"
            ],
            "index": "pypi",
            "version": "==4.48.1"
        }
    },
    "develop": {}
}
